
Microsoft Visual Studio Solution File, Format Version 12.00
# Visual Studio Version 16
VisualStudioVersion = 16.0.29709.97
MinimumVisualStudioVersion = 10.0.40219.1
Project("{FAE04EC0-301F-11D3-BF4B-00C04F79EFBC}") = "DashboardPro", "DashboardPro\DashboardPro.csproj", "{2CDFEE40-3CA0-46B7-B65D-5B6E5F2B9693}"
EndProject
Global
	GlobalSection(SolutionConfigurationPlatforms) = preSolution
		Debug|Any CPU = Debug|Any CPU
		Release|Any CPU = Release|Any CPU
	EndGlobalSection
	GlobalSection(ProjectConfigurationPlatforms) = postSolution
		{2CDFEE40-3CA0-46B7-B65D-5B6E5F2B9693}.Debug|Any CPU.ActiveCfg = Debug|Any CPU
		{2CDFEE40-3CA0-46B7-B65D-5B6E5F2B9693}.Debug|Any CPU.Build.0 = Debug|Any CPU
		{2CDFEE40-3CA0-46B7-B65D-5B6E5F2B9693}.Release|Any CPU.ActiveCfg = Release|Any CPU
		{2CDFEE40-3CA0-46B7-B65D-5B6E5F2B9693}.Release|Any CPU.Build.0 = Release|Any CPU
	EndGlobalSection
	GlobalSection(SolutionProperties) = preSolution
		HideSolutionNode = FALSE
	EndGlobalSection
	GlobalSection(ExtensibilityGlobals) = postSolution
		SolutionGuid = {22F69369-6783-4D1D-B490-BC6C6C139E08}
	EndGlobalSection
EndGlobal
